{
  "name": "ferramentaseproc",
  "version": "1.0.0",
  "lockfileVersion": 1,
  "requires": true,
  "dependencies": {
    "@types/firefox-webext-browser": {
      "version": "58.0.3",
      "resolved": "https://registry.npmjs.org/@types/firefox-webext-browser/-/firefox-webext-browser-58.0.3.tgz",
      "integrity": "sha512-aUQ0b4/X9CbTZUhDcfW9unFU5twpvCXAJUcEBx6VoEKINBSAeISSz5TQfGXKjGrUbA/T3HGCPWRubDrNdkIJIw==",
      "dev": true
    }
  }
}
